Microsoft Visual Studio Solution File, Format Version 9.00
# Visual Studio 2005
Project("{8BC9CEB8-8B4A-11D0-8D11-00A0C91BC942}") = "FirteX", "FirteX_8.0.vcproj", "{07E8622C-8E15-45F3-8360-5A58291AF474}"
EndProject
Global
	GlobalSection(SolutionConfigurationPlatforms) = preSolution
		Debug|Win32 = Debug|Win32
		Release|Win32 = Release|Win32
	EndGlobalSection
	GlobalSection(ProjectConfigurationPlatforms) = postSolution
		{07E8622C-8E15-45F3-8360-5A58291AF474}.Debug|Win32.ActiveCfg = Debug|Win32
		{07E8622C-8E15-45F3-8360-5A58291AF474}.Debug|Win32.Build.0 = Debug|Win32
		{07E8622C-8E15-45F3-8360-5A58291AF474}.Release|Win32.ActiveCfg = Release|Win32
		{07E8622C-8E15-45F3-8360-5A58291AF474}.Release|Win32.Build.0 = Release|Win32
	EndGlobalSection
	GlobalSection(SolutionProperties) = preSolution
		HideSolutionNode = FALSE
	EndGlobalSection
EndGlobal
